
Microsoft Visual Studio Solution File, Format Version 12.00
# Visual Studio Version 17
VisualStudioVersion = 17.8.34330.188
MinimumVisualStudioVersion = 10.0.40219.1
Project("{FAE04EC0-301F-11D3-BF4B-00C04F79EFBC}") = "test", "test\test.csproj", "{8F4482E1-1631-4514-B936-A3466483578D}"
EndProject
Global
	GlobalSection(SolutionConfigurationPlatforms) = preSolution
		Debug|Any CPU = Debug|Any CPU
		Release|Any CPU = Release|Any CPU
	EndGlobalSection
	GlobalSection(ProjectConfigurationPlatforms) = postSolution
		{8F4482E1-1631-4514-B936-A3466483578D}.Debug|Any CPU.ActiveCfg = Debug|Any CPU
		{8F4482E1-1631-4514-B936-A3466483578D}.Debug|Any CPU.Build.0 = Debug|Any CPU
		{8F4482E1-1631-4514-B936-A3466483578D}.Release|Any CPU.ActiveCfg = Release|Any CPU
		{8F4482E1-1631-4514-B936-A3466483578D}.Release|Any CPU.Build.0 = Release|Any CPU
	EndGlobalSection
	GlobalSection(SolutionProperties) = preSolution
		HideSolutionNode = FALSE
	EndGlobalSection
	GlobalSection(ExtensibilityGlobals) = postSolution
		SolutionGuid = {B68A3382-4F86-4D83-BE91-4FAF7769B58E}
	EndGlobalSection
EndGlobal
